
Microsoft Visual Studio Solution File, Format Version 12.00
# Visual Studio Version 17
VisualStudioVersion = 17.12.35707.178 d17.12
MinimumVisualStudioVersion = 10.0.40219.1
Project("{FAE04EC0-301F-11D3-BF4B-00C04F79EFBC}") = "MVCwebApi3", "MVCwebApi3.csproj", "{D475A093-06B4-4D85-A363-0C2A12AC13CC}"
EndProject
Project("{FAE04EC0-301F-11D3-BF4B-00C04F79EFBC}") = "MVCwebApi3.Tests", "..\MVCwebApi3.Tests\MVCwebApi3.Tests.csproj", "{F970EDCD-0159-4503-9C8D-D93FCC1AB91B}"
EndProject
Global
	GlobalSection(SolutionConfigurationPlatforms) = preSolution
		Debug|Any CPU = Debug|Any CPU
		Release|Any CPU = Release|Any CPU
	EndGlobalSection
	GlobalSection(ProjectConfigurationPlatforms) = postSolution
		{D475A093-06B4-4D85-A363-0C2A12AC13CC}.Debug|Any CPU.ActiveCfg = Debug|Any CPU
		{D475A093-06B4-4D85-A363-0C2A12AC13CC}.Debug|Any CPU.Build.0 = Debug|Any CPU
		{D475A093-06B4-4D85-A363-0C2A12AC13CC}.Release|Any CPU.ActiveCfg = Release|Any CPU
		{D475A093-06B4-4D85-A363-0C2A12AC13CC}.Release|Any CPU.Build.0 = Release|Any CPU
		{F970EDCD-0159-4503-9C8D-D93FCC1AB91B}.Debug|Any CPU.ActiveCfg = Debug|Any CPU
		{F970EDCD-0159-4503-9C8D-D93FCC1AB91B}.Debug|Any CPU.Build.0 = Debug|Any CPU
		{F970EDCD-0159-4503-9C8D-D93FCC1AB91B}.Release|Any CPU.ActiveCfg = Release|Any CPU
		{F970EDCD-0159-4503-9C8D-D93FCC1AB91B}.Release|Any CPU.Build.0 = Release|Any CPU
	EndGlobalSection
	GlobalSection(SolutionProperties) = preSolution
		HideSolutionNode = FALSE
	EndGlobalSection
EndGlobal
